
Microsoft Visual Studio Solution File, Format Version 12.00
# Visual Studio 2012
Project("{F184B08F-C81C-45F6-A57F-5ABD9991F28F}") = "Formula Project", "Formula Project\Formula Project.vbproj", "{8E2B4841-2F66-4A0C-88E9-65EE3F49DFC3}"
EndProject
Global
	GlobalSection(SolutionConfigurationPlatforms) = preSolution
		Debug|Any CPU = Debug|Any CPU
		Release|Any CPU = Release|Any CPU
	EndGlobalSection
	GlobalSection(ProjectConfigurationPlatforms) = postSolution
		{8E2B4841-2F66-4A0C-88E9-65EE3F49DFC3}.Debug|Any CPU.ActiveCfg = Debug|Any CPU
		{8E2B4841-2F66-4A0C-88E9-65EE3F49DFC3}.Debug|Any CPU.Build.0 = Debug|Any CPU
		{8E2B4841-2F66-4A0C-88E9-65EE3F49DFC3}.Release|Any CPU.ActiveCfg = Release|Any CPU
		{8E2B4841-2F66-4A0C-88E9-65EE3F49DFC3}.Release|Any CPU.Build.0 = Release|Any CPU
	EndGlobalSection
	GlobalSection(SolutionProperties) = preSolution
		HideSolutionNode = FALSE
	EndGlobalSection
EndGlobal
