
Microsoft Visual Studio Solution File, Format Version 11.00
# Visual Studio 2010
Project("{F184B08F-C81C-45F6-A57F-5ABD9991F28F}") = "LastOne", "LastOne\LastOne.vbproj", "{9FB0CCF9-2C92-4310-832E-AD3A97D39BBB}"
EndProject
Global
	GlobalSection(SolutionConfigurationPlatforms) = preSolution
		Debug|x86 = Debug|x86
		Release|x86 = Release|x86
	EndGlobalSection
	GlobalSection(ProjectConfigurationPlatforms) = postSolution
		{9FB0CCF9-2C92-4310-832E-AD3A97D39BBB}.Debug|x86.ActiveCfg = Debug|x86
		{9FB0CCF9-2C92-4310-832E-AD3A97D39BBB}.Debug|x86.Build.0 = Debug|x86
		{9FB0CCF9-2C92-4310-832E-AD3A97D39BBB}.Release|x86.ActiveCfg = Release|x86
		{9FB0CCF9-2C92-4310-832E-AD3A97D39BBB}.Release|x86.Build.0 = Release|x86
	EndGlobalSection
	GlobalSection(SolutionProperties) = preSolution
		HideSolutionNode = FALSE
	EndGlobalSection
EndGlobal
